github.com/go-jose/go-jose/v4 v4.1.4 h1:moDMcTHmvE6Groj34emNPLs/qtYXRVcd6S7NHbHz3kA=
github.com/go-jose/go-jose/v4 v4.1.4/go.mod h1:x4oUasVrzR7071A4TnHLGSPpNOm2a21K9Kf04k1rs08=
github.com/shadownet-protocol/shadownet-go v0.1.1 h1:rSllvCfZg4LekPMAI9gHkkIm7DTj9x/nksMosNv/iCQ=
github.com/shadownet-protocol/shadownet-go v0.1.1/go.mod h1:RZUi8kwR219AWWeVEE2TBFf7jZgtwo6+uLDvsNWQ3YQ=
